
Microsoft Visual Studio Solution File, Format Version 11.00
# Visual Studio 2010
Project("{FAE04EC0-301F-11D3-BF4B-00C04F79EFBC}") = "PrismMVVMPStub", "PrismMVVMPStub\PrismMVVMPStub.csproj", "{D99FE0F6-6162-408C-AF75-EE3EC0F41D8A}"
EndProject
Project("{FAE04EC0-301F-11D3-BF4B-00C04F79EFBC}") = "PrismMVVMPStub.Infrastructure", "PrismMVVMPStub.Infrastructure\PrismMVVMPStub.Infrastructure.csproj", "{F0A33934-09C3-476A-9EA5-8CF42701BC2A}"
EndProject
Project("{FAE04EC0-301F-11D3-BF4B-00C04F79EFBC}") = "PrismMVVMPStub.SampleModule", "PrismMVVMPStub.SampleModule\PrismMVVMPStub.SampleModule.csproj", "{69A0CD1F-0CF4-46BF-8B9F-052EF645EE99}"
EndProject
Global
	GlobalSection(SolutionConfigurationPlatforms) = preSolution
		Debug|Any CPU = Debug|Any CPU
		Debug|Mixed Platforms = Debug|Mixed Platforms
		Debug|x86 = Debug|x86
		Release|Any CPU = Release|Any CPU
		Release|Mixed Platforms = Release|Mixed Platforms
		Release|x86 = Release|x86
	EndGlobalSection
	GlobalSection(ProjectConfigurationPlatforms) = postSolution
		{D99FE0F6-6162-408C-AF75-EE3EC0F41D8A}.Debug|Any CPU.ActiveCfg = Debug|x86
		{D99FE0F6-6162-408C-AF75-EE3EC0F41D8A}.Debug|Mixed Platforms.ActiveCfg = Debug|x86
		{D99FE0F6-6162-408C-AF75-EE3EC0F41D8A}.Debug|Mixed Platforms.Build.0 = Debug|x86
		{D99FE0F6-6162-408C-AF75-EE3EC0F41D8A}.Debug|x86.ActiveCfg = Debug|x86
		{D99FE0F6-6162-408C-AF75-EE3EC0F41D8A}.Debug|x86.Build.0 = Debug|x86
		{D99FE0F6-6162-408C-AF75-EE3EC0F41D8A}.Release|Any CPU.ActiveCfg = Release|x86
		{D99FE0F6-6162-408C-AF75-EE3EC0F41D8A}.Release|Mixed Platforms.ActiveCfg = Release|x86
		{D99FE0F6-6162-408C-AF75-EE3EC0F41D8A}.Release|Mixed Platforms.Build.0 = Release|x86
		{D99FE0F6-6162-408C-AF75-EE3EC0F41D8A}.Release|x86.ActiveCfg = Release|x86
		{D99FE0F6-6162-408C-AF75-EE3EC0F41D8A}.Release|x86.Build.0 = Release|x86
		{F0A33934-09C3-476A-9EA5-8CF42701BC2A}.Debug|Any CPU.ActiveCfg = Debug|Any CPU
		{F0A33934-09C3-476A-9EA5-8CF42701BC2A}.Debug|Any CPU.Build.0 = Debug|Any CPU
		{F0A33934-09C3-476A-9EA5-8CF42701BC2A}.Debug|Mixed Platforms.ActiveCfg = Debug|Any CPU
		{F0A33934-09C3-476A-9EA5-8CF42701BC2A}.Debug|Mixed Platforms.Build.0 = Debug|Any CPU
		{F0A33934-09C3-476A-9EA5-8CF42701BC2A}.Debug|x86.ActiveCfg = Debug|Any CPU
		{F0A33934-09C3-476A-9EA5-8CF42701BC2A}.Release|Any CPU.ActiveCfg = Release|Any CPU
		{F0A33934-09C3-476A-9EA5-8CF42701BC2A}.Release|Any CPU.Build.0 = Release|Any CPU
		{F0A33934-09C3-476A-9EA5-8CF42701BC2A}.Release|Mixed Platforms.ActiveCfg = Release|Any CPU
		{F0A33934-09C3-476A-9EA5-8CF42701BC2A}.Release|Mixed Platforms.Build.0 = Release|Any CPU
		{F0A33934-09C3-476A-9EA5-8CF42701BC2A}.Release|x86.ActiveCfg = Release|Any CPU
		{69A0CD1F-0CF4-46BF-8B9F-052EF645EE99}.Debug|Any CPU.ActiveCfg = Debug|Any CPU
		{69A0CD1F-0CF4-46BF-8B9F-052EF645EE99}.Debug|Any CPU.Build.0 = Debug|Any CPU
		{69A0CD1F-0CF4-46BF-8B9F-052EF645EE99}.Debug|Mixed Platforms.ActiveCfg = Debug|Any CPU
		{69A0CD1F-0CF4-46BF-8B9F-052EF645EE99}.Debug|Mixed Platforms.Build.0 = Debug|Any CPU
		{69A0CD1F-0CF4-46BF-8B9F-052EF645EE99}.Debug|x86.ActiveCfg = Debug|Any CPU
		{69A0CD1F-0CF4-46BF-8B9F-052EF645EE99}.Release|Any CPU.ActiveCfg = Release|Any CPU
		{69A0CD1F-0CF4-46BF-8B9F-052EF645EE99}.Release|Any CPU.Build.0 = Release|Any CPU
		{69A0CD1F-0CF4-46BF-8B9F-052EF645EE99}.Release|Mixed Platforms.ActiveCfg = Release|Any CPU
		{69A0CD1F-0CF4-46BF-8B9F-052EF645EE99}.Release|Mixed Platforms.Build.0 = Release|Any CPU
		{69A0CD1F-0CF4-46BF-8B9F-052EF645EE99}.Release|x86.ActiveCfg = Release|Any CPU
	EndGlobalSection
	GlobalSection(SolutionProperties) = preSolution
		HideSolutionNode = FALSE
	EndGlobalSection
EndGlobal
